
Microsoft Visual Studio Solution File, Format Version 12.00
# Visual Studio Version 17
VisualStudioVersion = 17.10.35027.167
MinimumVisualStudioVersion = 10.0.40219.1
Project("{FAE04EC0-301F-11D3-BF4B-00C04F79EFBC}") = "WebApp", "WebApp\WebApp.csproj", "{16945C16-D67E-4F86-8326-A94B7B69889D}"
EndProject
Project("{FAE04EC0-301F-11D3-BF4B-00C04F79EFBC}") = "LogicaAplicacion", "LogicaAplicacion\LogicaAplicacion.csproj", "{A5C3A574-03BA-4876-848B-75C31AEBCA02}"
EndProject
Project("{FAE04EC0-301F-11D3-BF4B-00C04F79EFBC}") = "LogicaNegocio", "LogicaNegocio\LogicaNegocio.csproj", "{DEC7EF0F-0A07-4E2C-A181-C59EFA423F72}"
EndProject
Project("{FAE04EC0-301F-11D3-BF4B-00C04F79EFBC}") = "DTOs", "DTOs\DTOs.csproj", "{D3DD86AF-E4B6-4F21-B6F8-536B77F57784}"
EndProject
Project("{FAE04EC0-301F-11D3-BF4B-00C04F79EFBC}") = "LogicaAccesoDatos", "LogicaAccesoDatos\LogicaAccesoDatos.csproj", "{C2B307BF-A777-4FD2-B81A-6924F0AAC919}"
EndProject
Global
	GlobalSection(SolutionConfigurationPlatforms) = preSolution
		Debug|Any CPU = Debug|Any CPU
		Release|Any CPU = Release|Any CPU
	EndGlobalSection
	GlobalSection(ProjectConfigurationPlatforms) = postSolution
		{16945C16-D67E-4F86-8326-A94B7B69889D}.Debug|Any CPU.ActiveCfg = Debug|Any CPU
		{16945C16-D67E-4F86-8326-A94B7B69889D}.Debug|Any CPU.Build.0 = Debug|Any CPU
		{16945C16-D67E-4F86-8326-A94B7B69889D}.Release|Any CPU.ActiveCfg = Release|Any CPU
		{16945C16-D67E-4F86-8326-A94B7B69889D}.Release|Any CPU.Build.0 = Release|Any CPU
		{A5C3A574-03BA-4876-848B-75C31AEBCA02}.Debug|Any CPU.ActiveCfg = Debug|Any CPU
		{A5C3A574-03BA-4876-848B-75C31AEBCA02}.Debug|Any CPU.Build.0 = Debug|Any CPU
		{A5C3A574-03BA-4876-848B-75C31AEBCA02}.Release|Any CPU.ActiveCfg = Release|Any CPU
		{A5C3A574-03BA-4876-848B-75C31AEBCA02}.Release|Any CPU.Build.0 = Release|Any CPU
		{DEC7EF0F-0A07-4E2C-A181-C59EFA423F72}.Debug|Any CPU.ActiveCfg = Debug|Any CPU
		{DEC7EF0F-0A07-4E2C-A181-C59EFA423F72}.Debug|Any CPU.Build.0 = Debug|Any CPU
		{DEC7EF0F-0A07-4E2C-A181-C59EFA423F72}.Release|Any CPU.ActiveCfg = Release|Any CPU
		{DEC7EF0F-0A07-4E2C-A181-C59EFA423F72}.Release|Any CPU.Build.0 = Release|Any CPU
		{D3DD86AF-E4B6-4F21-B6F8-536B77F57784}.Debug|Any CPU.ActiveCfg = Debug|Any CPU
		{D3DD86AF-E4B6-4F21-B6F8-536B77F57784}.Debug|Any CPU.Build.0 = Debug|Any CPU
		{D3DD86AF-E4B6-4F21-B6F8-536B77F57784}.Release|Any CPU.ActiveCfg = Release|Any CPU
		{D3DD86AF-E4B6-4F21-B6F8-536B77F57784}.Release|Any CPU.Build.0 = Release|Any CPU
		{C2B307BF-A777-4FD2-B81A-6924F0AAC919}.Debug|Any CPU.ActiveCfg = Debug|Any CPU
		{C2B307BF-A777-4FD2-B81A-6924F0AAC919}.Debug|Any CPU.Build.0 = Debug|Any CPU
		{C2B307BF-A777-4FD2-B81A-6924F0AAC919}.Release|Any CPU.ActiveCfg = Release|Any CPU
		{C2B307BF-A777-4FD2-B81A-6924F0AAC919}.Release|Any CPU.Build.0 = Release|Any CPU
	EndGlobalSection
	GlobalSection(SolutionProperties) = preSolution
		HideSolutionNode = FALSE
	EndGlobalSection
	GlobalSection(ExtensibilityGlobals) = postSolution
		SolutionGuid = {00C4BFC0-A9DB-4DCC-86EB-441811E4EC0F}
	EndGlobalSection
EndGlobal
